<?xml version="1.0" encoding="utf-8"?>
<Project ToolsVersion="4.0" xmlns="http://schemas.microsoft.com/developer/msbuild/2003">
  <ItemGroup>
    <Filter Include="Source Files">
      <UniqueIdentifier>{4FC737F1-C7A5-4376-A066-2A32D752A2FF}</UniqueIdentifier>
      <Extensions>cpp;c;cc;cxx;def;odl;idl;hpj;bat;asm;asmx</Extensions>
    </Filter>
    <Filter Include="Header Files">
      <UniqueIdentifier>{93995380-89BD-4b04-88EB-625FBE52EBFB}</UniqueIdentifier>
      <Extensions>h;hh;hpp;hxx;hm;inl;inc;ipp;xsd</Extensions>
    </Filter>
    <Filter Include="Resource Files">
      <UniqueIdentifier>{67DA6AB6-F800-4c08-8B7A-83BB121AAD01}</UniqueIdentifier>
      <Extensions>rc;ico;cur;bmp;dlg;rc2;rct;bin;rgs;gif;jpg;jpeg;jpe;resx;tiff;tif;png;wav;mfcribbon-ms</Extensions>
    </Filter>
  </ItemGroup>
  <ItemGroup>
    <ClCompile Include="main.c">
      <Filter>Source Files</Filter>
    </ClCompile>
    <ClCompile Include="cg_base\cg_core\cg_area.c">
      <Filter>Source Files</Filter>
    </ClCompile>
    <ClCompile Include="cg_base\cg_core\cg_color.c">
      <Filter>Source Files</Filter>
    </ClCompile>
    <ClCompile Include="cg_base\cg_core\cg_vfb.c">
      <Filter>Source Files</Filter>
    </ClCompile>
    <ClCompile Include="cg_base\cg_draw\cg_draw_point.c">
      <Filter>Source Files</Filter>
    </ClCompile>
    <ClCompile Include="cg_base\cg_log\cg_log.c">
      <Filter>Source Files</Filter>
    </ClCompile>
    <ClCompile Include="cg_base\cg_tools\cg_memory.c">
      <Filter>Source Files</Filter>
    </ClCompile>
    <ClCompile Include="cg_drivers\monitor\pc_monitor.c">
      <Filter>Source Files</Filter>
    </ClCompile>
    <ClCompile Include="cg_drivers\display\cg_hal_display.c">
      <Filter>Source Files</Filter>
    </ClCompile>
    <ClCompile Include="cg_drivers\display\cg_hal_win_driver.c">
      <Filter>Source Files</Filter>
    </ClCompile>
    <ClCompile Include="cg_init.c">
      <Filter>Source Files</Filter>
    </ClCompile>
    <ClCompile Include="cg_base\cg_draw\cg_draw_line.c">
      <Filter>Source Files</Filter>
    </ClCompile>
    <ClCompile Include="cg_base\cg_misc\cg_math.c">
      <Filter>Source Files</Filter>
    </ClCompile>
    <ClCompile Include="cg_base\cg_core\cg_style.c">
      <Filter>Source Files</Filter>
    </ClCompile>
    <ClCompile Include="cg_base\cg_draw\cg_draw_2d.c">
      <Filter>Source Files</Filter>
    </ClCompile>
    <ClCompile Include="cg_base\cg_draw\cg_draw.c">
      <Filter>Source Files</Filter>
    </ClCompile>
    <ClCompile Include="cg_base\cg_draw\cg_draw_drv.c">
      <Filter>Source Files</Filter>
    </ClCompile>
    <ClCompile Include="Simple\Window\Thermometer\thermometer_view.c">
      <Filter>Source Files</Filter>
    </ClCompile>
    <ClCompile Include="Simple\Window\Thermometer\thermometer_presenter.c">
      <Filter>Source Files</Filter>
    </ClCompile>
    <ClCompile Include="Simple\Window\Thermometer\thermometer_model.c">
      <Filter>Source Files</Filter>
    </ClCompile>
    <ClCompile Include="Simple\2D\rect\point_line_rect.c">
      <Filter>Source Files</Filter>
    </ClCompile>
    <ClCompile Include="Simple\Window\Thermometer\thermometer.c">
      <Filter>Source Files</Filter>
    </ClCompile>
    <ClCompile Include="cg_base\cg_obj\cg_model.c">
      <Filter>Source Files</Filter>
    </ClCompile>
    <ClCompile Include="cg_base\cg_obj\cg_presenter.c">
      <Filter>Source Files</Filter>
    </ClCompile>
    <ClCompile Include="cg_base\cg_obj\cg_window.c">
      <Filter>Source Files</Filter>
    </ClCompile>
    <ClCompile Include="cg_base\cg_obj\cg_view.c">
      <Filter>Source Files</Filter>
    </ClCompile>
    <ClCompile Include="cg_base\cg_log\cg_error_t.c">
      <Filter>Source Files</Filter>
    </ClCompile>
  </ItemGroup>
  <ItemGroup>
    <None Include="SDL2\lib\x64\SDL2.dll" />
    <None Include="SDL2.dll" />
  </ItemGroup>
  <ItemGroup>
    <ClInclude Include="cg_base\cg_core\cg_area.h">
      <Filter>Header Files</Filter>
    </ClInclude>
    <ClInclude Include="cg_base\cg_core\cg_color.h">
      <Filter>Header Files</Filter>
    </ClInclude>
    <ClInclude Include="cg_base\cg_core\cg_vfb.h">
      <Filter>Header Files</Filter>
    </ClInclude>
    <ClInclude Include="cg_base\cg_draw\cg_draw_point.h">
      <Filter>Header Files</Filter>
    </ClInclude>
    <ClInclude Include="cg_base\cg_log\cg_log.h">
      <Filter>Header Files</Filter>
    </ClInclude>
    <ClInclude Include="cg_base\cg_tools\cg_memory.h">
      <Filter>Header Files</Filter>
    </ClInclude>
    <ClInclude Include="cg_conf.h">
      <Filter>Header Files</Filter>
    </ClInclude>
    <ClInclude Include="cg_drivers\monitor\pc_monitor.h">
      <Filter>Header Files</Filter>
    </ClInclude>
    <ClInclude Include="cg_drv_conf.h">
      <Filter>Header Files</Filter>
    </ClInclude>
    <ClInclude Include="cg_drivers\display\cg_hal_display.h">
      <Filter>Header Files</Filter>
    </ClInclude>
    <ClInclude Include="cg_drivers\display\cg_hal_win_driver.h">
      <Filter>Header Files</Filter>
    </ClInclude>
    <ClInclude Include="cg_init.h">
      <Filter>Header Files</Filter>
    </ClInclude>
    <ClInclude Include="cg_base\cg_draw\cg_draw_line.h">
      <Filter>Header Files</Filter>
    </ClInclude>
    <ClInclude Include="cg_base\cg_misc\cg_math.h">
      <Filter>Header Files</Filter>
    </ClInclude>
    <ClInclude Include="cg_base\cg_core\cg_style.h">
      <Filter>Header Files</Filter>
    </ClInclude>
    <ClInclude Include="cg_base\cg_draw\cg_draw_2d.h">
      <Filter>Header Files</Filter>
    </ClInclude>
    <ClInclude Include="cg_base\cg_draw\cg_draw.h">
      <Filter>Header Files</Filter>
    </ClInclude>
    <ClInclude Include="cg_base\cg_draw\cg_draw_drv.h">
      <Filter>Header Files</Filter>
    </ClInclude>
    <ClInclude Include="cg.h">
      <Filter>Header Files</Filter>
    </ClInclude>
    <ClInclude Include="cg_base\cg_obj\cg_model.h">
      <Filter>Header Files</Filter>
    </ClInclude>
    <ClInclude Include="cg_base\cg_obj\cg_presenter.h">
      <Filter>Header Files</Filter>
    </ClInclude>
    <ClInclude Include="cg_base\cg_obj\cg_window.h">
      <Filter>Header Files</Filter>
    </ClInclude>
    <ClInclude Include="cg_base\cg_obj\cg_view.h">
      <Filter>Header Files</Filter>
    </ClInclude>
    <ClInclude Include="cg_base\cg_message\cg_message.h">
      <Filter>Header Files</Filter>
    </ClInclude>
    <ClInclude Include="cg_base\cg_log\cg_error_t.h">
      <Filter>Header Files</Filter>
    </ClInclude>
  </ItemGroup>
</Project>